{
  "requires": true,
  "lockfileVersion": 1,
  "dependencies": {
    "react-hook-form": {
      "version": "7.39.5",
      "resolved": "https://registry.npmjs.org/react-hook-form/-/react-hook-form-7.39.5.tgz",
      "integrity": "sha512-OE0HKyz5IPc6svN2wd+e+evidZrw4O4WZWAWYzQVZuHi+hYnHFSLnxOq0ddjbdmaLIsLHut/ab7j72y2QT3+KA=="
    }
  }
}
